
Microsoft Visual Studio Solution File, Format Version 12.00
# Visual Studio 15
VisualStudioVersion = 15.0.28307.1340
MinimumVisualStudioVersion = 10.0.40219.1
Project("{888888A0-9F3D-457C-B088-3A5042F75D52}") = "EncrypterAndDecrypter", "EncrypterAndDecrypter\EncrypterAndDecrypter.pyproj", "{4F5EF840-84A9-48F5-9331-E5A4744BA80D}"
EndProject
Global
	GlobalSection(SolutionConfigurationPlatforms) = preSolution
		Debug|Any CPU = Debug|Any CPU
		Release|Any CPU = Release|Any CPU
	EndGlobalSection
	GlobalSection(ProjectConfigurationPlatforms) = postSolution
		{4F5EF840-84A9-48F5-9331-E5A4744BA80D}.Debug|Any CPU.ActiveCfg = Debug|Any CPU
		{4F5EF840-84A9-48F5-9331-E5A4744BA80D}.Release|Any CPU.ActiveCfg = Release|Any CPU
	EndGlobalSection
	GlobalSection(SolutionProperties) = preSolution
		HideSolutionNode = FALSE
	EndGlobalSection
	GlobalSection(ExtensibilityGlobals) = postSolution
		SolutionGuid = {A3753EC3-41DB-4834-AA9F-5CA4BF56A4BE}
	EndGlobalSection
EndGlobal
